{
  "version": 4,
  "terraform_version": "1.9.3",
  "serial": 1051,
  "lineage": "f81852b0-0ef2-8b15-9844-a34f55001765",
  "outputs": {},
  "resources": [
    {
      "mode": "managed",
      "type": "yandex_alb_backend_group",
      "name": "alb-bg-a",
      "provider": "provider[\"registry.terraform.io/yandex-cloud/yandex\"]",
      "instances": [
        {
          "schema_version": 0,
          "attributes": {
            "created_at": "2024-08-06T08:48:18Z",
            "description": "",
            "folder_id": "b1gfcgssrdpu1otfatkf",
            "grpc_backend": [],
            "http_backend": [
              {
                "healthcheck": [
                  {
                    "grpc_healthcheck": [],
                    "healthcheck_port": 80,
                    "healthy_threshold": 0,
                    "http_healthcheck": [
                      {
                        "host": "",
                        "http2": false,
                        "path": "/"
                      }
                    ],
                    "interval": "2s",
                    "interval_jitter_percent": 0,
                    "stream_healthcheck": [],
                    "timeout": "10s",
                    "unhealthy_threshold": 0
                  }
                ],
                "http2": false,
                "load_balancing_config": [],
                "name": "backend-a",
                "port": 80,
                "storage_bucket": "",
                "target_group_ids": [
                  "ds7ag0ehskcpptuo5cla"
                ],
                "tls": [],
                "weight": 1
              }
            ],
            "id": "ds7d68ck7tlsl1pbo34n",
            "labels": {},
            "name": "alb-bg-a",
            "session_affinity": [],
            "stream_backend": [],
            "timeouts": null
          },
          "sensitive_attributes": [],
          "private": "eyJlMmJmYjczMC1lY2FhLTExZTYtOGY4OC0zNDM2M2JjN2M0YzAiOnsiY3JlYXRlIjozMDAwMDAwMDAwMDAsImRlbGV0ZSI6MzAwMDAwMDAwMDAwLCJ1cGRhdGUiOjMwMDAwMDAwMDAwMH19",
          "dependencies": [
            "yandex_compute_instance_group.group-vms-a",
            "yandex_vpc_network.tf-vpc",
            "yandex_vpc_subnet.tf-vpc-subnet-a"
          ]
        }
      ]
    },
    {
      "mode": "managed",
      "type": "yandex_alb_backend_group",
      "name": "alb-bg-ab",
      "provider": "provider[\"registry.terraform.io/yandex-cloud/yandex\"]",
      "instances": [
        {
          "schema_version": 0,
          "attributes": {
            "created_at": "2024-08-06T08:48:31Z",
            "description": "",
            "folder_id": "b1gfcgssrdpu1otfatkf",
            "grpc_backend": [],
            "http_backend": [
              {
                "healthcheck": [
                  {
                    "grpc_healthcheck": [],
                    "healthcheck_port": 80,
                    "healthy_threshold": 0,
                    "http_healthcheck": [
                      {
                        "host": "",
                        "http2": false,
                        "path": "/"
                      }
                    ],
                    "interval": "2s",
                    "interval_jitter_percent": 0,
                    "stream_healthcheck": [],
                    "timeout": "10s",
                    "unhealthy_threshold": 0
                  }
                ],
                "http2": false,
                "load_balancing_config": [],
                "name": "backend-ab",
                "port": 80,
                "storage_bucket": "",
                "target_group_ids": [
                  "ds7ag0ehskcpptuo5cla",
                  "ds7tbml6a7k4o3cb5lri"
                ],
                "tls": [],
                "weight": 1
              }
            ],
            "id": "ds78p899tf79tg3637qt",
            "labels": {},
            "name": "alb-bg-ab",
            "session_affinity": [],
            "stream_backend": [],
            "timeouts": null
          },
          "sensitive_attributes": [],
          "private": "eyJlMmJmYjczMC1lY2FhLTExZTYtOGY4OC0zNDM2M2JjN2M0YzAiOnsiY3JlYXRlIjozMDAwMDAwMDAwMDAsImRlbGV0ZSI6MzAwMDAwMDAwMDAwLCJ1cGRhdGUiOjMwMDAwMDAwMDAwMH19",
          "dependencies": [
            "yandex_compute_instance_group.group-vms-a",
            "yandex_compute_instance_group.group-vms-b",
            "yandex_vpc_network.tf-vpc",
            "yandex_vpc_subnet.tf-vpc-subnet-a",
            "yandex_vpc_subnet.tf-vpc-subnet-b"
          ]
        }
      ]
    },
    {
      "mode": "managed",
      "type": "yandex_alb_backend_group",
      "name": "alb-bg-b",
      "provider": "provider[\"registry.terraform.io/yandex-cloud/yandex\"]",
      "instances": [
        {
          "schema_version": 0,
          "attributes": {
            "created_at": "2024-08-06T08:48:32Z",
            "description": "",
            "folder_id": "b1gfcgssrdpu1otfatkf",
            "grpc_backend": [],
            "http_backend": [
              {
                "healthcheck": [
                  {
                    "grpc_healthcheck": [],
                    "healthcheck_port": 80,
                    "healthy_threshold": 0,
                    "http_healthcheck": [
                      {
                        "host": "",
                        "http2": false,
                        "path": "/"
                      }
                    ],
                    "interval": "2s",
                    "interval_jitter_percent": 0,
                    "stream_healthcheck": [],
                    "timeout": "10s",
                    "unhealthy_threshold": 0
                  }
                ],
                "http2": false,
                "load_balancing_config": [],
                "name": "backend-b",
                "port": 80,
                "storage_bucket": "",
                "target_group_ids": [
                  "ds7tbml6a7k4o3cb5lri"
                ],
                "tls": [],
                "weight": 1
              }
            ],
            "id": "ds74as5hf2s3osd437ou",
            "labels": {},
            "name": "alb-bg-b",
            "session_affinity": [],
            "stream_backend": [],
            "timeouts": null
          },
          "sensitive_attributes": [],
          "private": "eyJlMmJmYjczMC1lY2FhLTExZTYtOGY4OC0zNDM2M2JjN2M0YzAiOnsiY3JlYXRlIjozMDAwMDAwMDAwMDAsImRlbGV0ZSI6MzAwMDAwMDAwMDAwLCJ1cGRhdGUiOjMwMDAwMDAwMDAwMH19",
          "dependencies": [
            "yandex_compute_instance_group.group-vms-b",
            "yandex_vpc_network.tf-vpc",
            "yandex_vpc_subnet.tf-vpc-subnet-b"
          ]
        }
      ]
    },
    {
      "mode": "managed",
      "type": "yandex_alb_http_router",
      "name": "alb-router",
      "provider": "provider[\"registry.terraform.io/yandex-cloud/yandex\"]",
      "instances": [
        {
          "schema_version": 0,
          "attributes": {
            "created_at": "2024-08-06T08:25:36Z",
            "description": "",
            "folder_id": "b1gfcgssrdpu1otfatkf",
            "id": "ds798vpetd50t4h0mvlp",
            "labels": {},
            "name": "alb-router",
            "route_options": [],
            "timeouts": null
          },
          "sensitive_attributes": [],
          "private": "eyJlMmJmYjczMC1lY2FhLTExZTYtOGY4OC0zNDM2M2JjN2M0YzAiOnsiY3JlYXRlIjozMDAwMDAwMDAwMDAsImRlbGV0ZSI6MzAwMDAwMDAwMDAwLCJ1cGRhdGUiOjMwMDAwMDAwMDAwMH19"
        }
      ]
    },
    {
      "mode": "managed",
      "type": "yandex_alb_load_balancer",
      "name": "alb-1",
      "provider": "provider[\"registry.terraform.io/yandex-cloud/yandex\"]",
      "instances": [
        {
          "schema_version": 0,
          "attributes": {
            "allocation_policy": [
              {
                "location": [
                  {
                    "disable_traffic": false,
                    "subnet_id": "e2l99ao5i63fjmoe25jq",
                    "zone_id": "ru-central1-b"
                  },
                  {
                    "disable_traffic": false,
                    "subnet_id": "e9bli3nisi8d7u0ag6qv",
                    "zone_id": "ru-central1-a"
                  }
                ]
              }
            ],
            "created_at": "2024-08-06T08:25:40Z",
            "description": "",
            "folder_id": "b1gfcgssrdpu1otfatkf",
            "id": "ds73vbn1j96bb90biqq0",
            "labels": {},
            "listener": [
              {
                "endpoint": [
                  {
                    "address": [
                      {
                        "external_ipv4_address": [
                          {
                            "address": "51.250.37.24"
                          }
                        ],
                        "external_ipv6_address": [],
                        "internal_ipv4_address": []
                      }
                    ],
                    "ports": [
                      80
                    ]
                  }
                ],
                "http": [
                  {
                    "handler": [
                      {
                        "allow_http10": false,
                        "http2_options": [],
                        "http_router_id": "ds798vpetd50t4h0mvlp",
                        "rewrite_request_id": false
                      }
                    ],
                    "redirects": []
                  }
                ],
                "name": "alb-listener",
                "stream": [],
                "tls": []
              }
            ],
            "log_group_id": "",
            "log_options": [
              {
                "disable": false,
                "discard_rule": [],
                "log_group_id": "e23g2p5vlq4jlclo8cvf"
              }
            ],
            "name": "alb-1",
            "network_id": "enpu509u1ft8udf3urs8",
            "region_id": "",
            "security_group_ids": [
              "enpsrq1d575sjdfjc0q3"
            ],
            "status": "active",
            "timeouts": null
          },
          "sensitive_attributes": [],
          "private": "eyJlMmJmYjczMC1lY2FhLTExZTYtOGY4OC0zNDM2M2JjN2M0YzAiOnsiY3JlYXRlIjo2MDAwMDAwMDAwMDAsImRlbGV0ZSI6NjAwMDAwMDAwMDAwLCJ1cGRhdGUiOjYwMDAwMDAwMDAwMH19",
          "dependencies": [
            "yandex_alb_http_router.alb-router",
            "yandex_logging_group.alb-logging-group",
            "yandex_vpc_network.tf-vpc",
            "yandex_vpc_security_group.tf-sg-1",
            "yandex_vpc_subnet.tf-vpc-subnet-a",
            "yandex_vpc_subnet.tf-vpc-subnet-b"
          ]
        }
      ]
    },
    {
      "mode": "managed",
      "type": "yandex_alb_virtual_host",
      "name": "alb-host",
      "provider": "provider[\"registry.terraform.io/yandex-cloud/yandex\"]",
      "instances": [
        {
          "schema_version": 0,
          "attributes": {
            "authority": [
              "tf-homework.ru",
              "www.tf-homework.ru"
            ],
            "http_router_id": "ds798vpetd50t4h0mvlp",
            "id": "ds798vpetd50t4h0mvlp/alb-host",
            "modify_request_headers": [],
            "modify_response_headers": [],
            "name": "alb-host",
            "route": [
              {
                "grpc_route": [],
                "http_route": [
                  {
                    "direct_response_action": [],
                    "http_match": [
                      {
                        "http_method": [],
                        "path": [
                          {
                            "exact": "/",
                            "prefix": "",
                            "regex": ""
                          }
                        ]
                      }
                    ],
                    "http_route_action": [
                      {
                        "auto_host_rewrite": false,
                        "backend_group_id": "ds78p899tf79tg3637qt",
                        "host_rewrite": "",
                        "idle_timeout": "",
                        "prefix_rewrite": "",
                        "timeout": "",
                        "upgrade_types": []
                      }
                    ],
                    "redirect_action": []
                  }
                ],
                "name": "route",
                "route_options": []
              },
              {
                "grpc_route": [],
                "http_route": [
                  {
                    "direct_response_action": [],
                    "http_match": [
                      {
                        "http_method": [],
                        "path": [
                          {
                            "exact": "",
                            "prefix": "/page1.html",
                            "regex": ""
                          }
                        ]
                      }
                    ],
                    "http_route_action": [
                      {
                        "auto_host_rewrite": false,
                        "backend_group_id": "ds7d68ck7tlsl1pbo34n",
                        "host_rewrite": "",
                        "idle_timeout": "",
                        "prefix_rewrite": "/index2.html",
                        "timeout": "",
                        "upgrade_types": []
                      }
                    ],
                    "redirect_action": []
                  }
                ],
                "name": "route-a",
                "route_options": []
              },
              {
                "grpc_route": [],
                "http_route": [
                  {
                    "direct_response_action": [],
                    "http_match": [
                      {
                        "http_method": [],
                        "path": [
                          {
                            "exact": "",
                            "prefix": "/page2.html",
                            "regex": ""
                          }
                        ]
                      }
                    ],
                    "http_route_action": [
                      {
                        "auto_host_rewrite": false,
                        "backend_group_id": "ds74as5hf2s3osd437ou",
                        "host_rewrite": "",
                        "idle_timeout": "",
                        "prefix_rewrite": "/index2.html",
                        "timeout": "",
                        "upgrade_types": []
                      }
                    ],
                    "redirect_action": []
                  }
                ],
                "name": "route-b",
                "route_options": []
              }
            ],
            "route_options": [],
            "timeouts": null
          },
          "sensitive_attributes": [],
          "private": "eyJlMmJmYjczMC1lY2FhLTExZTYtOGY4OC0zNDM2M2JjN2M0YzAiOnsiY3JlYXRlIjozMDAwMDAwMDAwMDAsImRlbGV0ZSI6MzAwMDAwMDAwMDAwLCJ1cGRhdGUiOjMwMDAwMDAwMDAwMH19",
          "dependencies": [
            "yandex_alb_backend_group.alb-bg-a",
            "yandex_alb_backend_group.alb-bg-ab",
            "yandex_alb_backend_group.alb-bg-b",
            "yandex_alb_http_router.alb-router",
            "yandex_compute_instance_group.group-vms-a",
            "yandex_compute_instance_group.group-vms-b",
            "yandex_vpc_network.tf-vpc",
            "yandex_vpc_subnet.tf-vpc-subnet-a",
            "yandex_vpc_subnet.tf-vpc-subnet-b"
          ]
        }
      ]
    },
    {
      "mode": "managed",
      "type": "yandex_compute_instance_group",
      "name": "group-vms-a",
      "provider": "provider[\"registry.terraform.io/yandex-cloud/yandex\"]",
      "instances": [
        {
          "schema_version": 0,
          "attributes": {
            "allocation_policy": [
              {
                "instance_tags_pool": [],
                "zones": [
                  "ru-central1-a"
                ]
              }
            ],
            "application_load_balancer": [
              {
                "ignore_health_checks": false,
                "max_opening_traffic_duration": 0,
                "status_message": "",
                "target_group_description": "Target Group App Load Balancer",
                "target_group_id": "ds7ag0ehskcpptuo5cla",
                "target_group_labels": {},
                "target_group_name": "target-group-vms-a"
              }
            ],
            "created_at": "2024-08-06T08:47:03Z",
            "deletion_protection": false,
            "deploy_policy": [
              {
                "max_creating": 0,
                "max_deleting": 0,
                "max_expansion": 1,
                "max_unavailable": 1,
                "startup_duration": 0,
                "strategy": "proactive"
              }
            ],
            "description": "",
            "folder_id": "b1gfcgssrdpu1otfatkf",
            "health_check": [],
            "id": "cl10c6g2mr684nsksueu",
            "instance_template": [
              {
                "boot_disk": [
                  {
                    "device_name": "",
                    "disk_id": "",
                    "initialize_params": [
                      {
                        "description": "",
                        "image_id": "fd83kelh78bs18a6cthf",
                        "size": 10,
                        "snapshot_id": "",
                        "type": "network-hdd"
                      }
                    ],
                    "mode": "READ_WRITE",
                    "name": ""
                  }
                ],
                "description": "",
                "filesystem": [],
                "hostname": "",
                "labels": {},
                "metadata": {
                  "user-data": "#cloud-config\nssh_pwauth: no\nusers:\n- name: bdg\n  sudo: ALL=(ALL) NOPASSWD:ALL\n  shell: /bin/bash\n  ssh_authorized_keys:\n  - ssh-rsa AAAAB3NzaC1yc2EAAAADAQABAAABAQCq2e7lp5BBkRPsA6c7dUUrvAtyHreYm/EjVPeKR7eX0RKAWnUQ1EUUaV0dAsFDxDF2n3aJeDgzii2+Ryga5uO+esR5Zvh0ZnF7wxeclFRfLS0YXPXzBCTWXyXIu+4OWKwNZmV96ea81A124GCAzCOkMMuSM+a+gNs/jYH4JWezs1/GKaRrbj0WuaPNXPoLYC28W2T4wUJMdk+WRd3bfmknGtrUgamvQMpVzD1+c0SqJuU4ivX/Rgs2f4AU72hH9RgfwWZLw5hfRQ0eS8STBrhoASmBTa75Tg20xjy6nEkVh4Mo2UTF4VQJryir/eJyHlVyQzsWznQq3p93uqnUNHZJ bdg\n\nruncmd:\n - echo \"\u003ch2\u003eThis is  availability zone ru-central1-A\u003ch2\u003e\" \u003e /var/www/html/index2.html\n# - apt-get update \u0026\u0026 apt-get install -y nginx\n# - systemctl enable nginx\n# - systemctl restart nginx\n"
                },
                "metadata_options": [
                  {
                    "aws_v1_http_endpoint": 0,
                    "aws_v1_http_token": 0,
                    "gce_http_endpoint": 0,
                    "gce_http_token": 0
                  }
                ],
                "name": "",
                "network_interface": [
                  {
                    "dns_record": [],
                    "ip_address": "",
                    "ipv4": true,
                    "ipv6": false,
                    "ipv6_address": "",
                    "ipv6_dns_record": [],
                    "nat": false,
                    "nat_dns_record": [],
                    "nat_ip_address": "",
                    "network_id": "enpu509u1ft8udf3urs8",
                    "security_group_ids": [],
                    "subnet_ids": [
                      "e9bli3nisi8d7u0ag6qv"
                    ]
                  }
                ],
                "network_settings": [
                  {
                    "type": "STANDARD"
                  }
                ],
                "placement_policy": [],
                "platform_id": "standard-v1",
                "resources": [
                  {
                    "core_fraction": 100,
                    "cores": 2,
                    "gpus": 0,
                    "memory": 2
                  }
                ],
                "scheduling_policy": [
                  {
                    "preemptible": false
                  }
                ],
                "secondary_disk": [],
                "service_account_id": ""
              }
            ],
            "instances": [
              {
                "fqdn": "cl10c6g2mr684nsksueu-ahun.ru-central1.internal",
                "instance_id": "fhme3q92hrl5jmdc9b3q",
                "instance_tag": "",
                "name": "cl10c6g2mr684nsksueu-ahun",
                "network_interface": [
                  {
                    "index": 0,
                    "ip_address": "10.10.1.8",
                    "ipv4": true,
                    "ipv6": false,
                    "ipv6_address": "",
                    "mac_address": "d0:0d:e1:e9:22:8e",
                    "nat": false,
                    "nat_ip_address": "",
                    "nat_ip_version": "",
                    "subnet_id": "e9bli3nisi8d7u0ag6qv"
                  }
                ],
                "status": "RUNNING_ACTUAL",
                "status_changed_at": "2024-08-06T08:48:17Z",
                "status_message": "",
                "zone_id": "ru-central1-a"
              },
              {
                "fqdn": "cl10c6g2mr684nsksueu-ibex.ru-central1.internal",
                "instance_id": "fhmdofjbv5rq2dnvhkqi",
                "instance_tag": "",
                "name": "cl10c6g2mr684nsksueu-ibex",
                "network_interface": [
                  {
                    "index": 0,
                    "ip_address": "10.10.1.18",
                    "ipv4": true,
                    "ipv6": false,
                    "ipv6_address": "",
                    "mac_address": "d0:0d:dc:3e:6b:f9",
                    "nat": false,
                    "nat_ip_address": "",
                    "nat_ip_version": "",
                    "subnet_id": "e9bli3nisi8d7u0ag6qv"
                  }
                ],
                "status": "RUNNING_ACTUAL",
                "status_changed_at": "2024-08-06T08:48:06Z",
                "status_message": "",
                "zone_id": "ru-central1-a"
              }
            ],
            "labels": {},
            "load_balancer": [],
            "max_checking_health_duration": null,
            "name": "group-vms-a",
            "scale_policy": [
              {
                "auto_scale": [],
                "fixed_scale": [
                  {
                    "size": 2
                  }
                ],
                "test_auto_scale": []
              }
            ],
            "service_account_id": "aje54uo13hfuvg645ktf",
            "status": "ACTIVE",
            "timeouts": null,
            "variables": {}
          },
          "sensitive_attributes": [],
          "private": "eyJlMmJmYjczMC1lY2FhLTExZTYtOGY4OC0zNDM2M2JjN2M0YzAiOnsiY3JlYXRlIjoxODAwMDAwMDAwMDAwLCJkZWxldGUiOjE4MDAwMDAwMDAwMDAsInVwZGF0ZSI6MTgwMDAwMDAwMDAwMH19",
          "dependencies": [
            "yandex_vpc_network.tf-vpc",
            "yandex_vpc_subnet.tf-vpc-subnet-a"
          ]
        }
      ]
    },
    {
      "mode": "managed",
      "type": "yandex_compute_instance_group",
      "name": "group-vms-b",
      "provider": "provider[\"registry.terraform.io/yandex-cloud/yandex\"]",
      "instances": [
        {
          "schema_version": 0,
          "attributes": {
            "allocation_policy": [
              {
                "instance_tags_pool": [],
                "zones": [
                  "ru-central1-b"
                ]
              }
            ],
            "application_load_balancer": [
              {
                "ignore_health_checks": false,
                "max_opening_traffic_duration": 0,
                "status_message": "",
                "target_group_description": "Target Group App Load Balancer",
                "target_group_id": "ds7tbml6a7k4o3cb5lri",
                "target_group_labels": {},
                "target_group_name": "target-group-vms-b"
              }
            ],
            "created_at": "2024-08-06T08:47:03Z",
            "deletion_protection": false,
            "deploy_policy": [
              {
                "max_creating": 0,
                "max_deleting": 0,
                "max_expansion": 1,
                "max_unavailable": 1,
                "startup_duration": 0,
                "strategy": "proactive"
              }
            ],
            "description": "",
            "folder_id": "b1gfcgssrdpu1otfatkf",
            "health_check": [],
            "id": "cl1dtbb8emt48buqqhfp",
            "instance_template": [
              {
                "boot_disk": [
                  {
                    "device_name": "",
                    "disk_id": "",
                    "initialize_params": [
                      {
                        "description": "",
                        "image_id": "fd83kelh78bs18a6cthf",
                        "size": 10,
                        "snapshot_id": "",
                        "type": "network-hdd"
                      }
                    ],
                    "mode": "READ_WRITE",
                    "name": ""
                  }
                ],
                "description": "",
                "filesystem": [],
                "hostname": "",
                "labels": {},
                "metadata": {
                  "user-data": "#cloud-config\nssh_pwauth: no\nusers:\n- name: bdg\n  sudo: ALL=(ALL) NOPASSWD:ALL\n  shell: /bin/bash\n  ssh_authorized_keys:\n  - ssh-rsa AAAAB3NzaC1yc2EAAAADAQABAAABAQCq2e7lp5BBkRPsA6c7dUUrvAtyHreYm/EjVPeKR7eX0RKAWnUQ1EUUaV0dAsFDxDF2n3aJeDgzii2+Ryga5uO+esR5Zvh0ZnF7wxeclFRfLS0YXPXzBCTWXyXIu+4OWKwNZmV96ea81A124GCAzCOkMMuSM+a+gNs/jYH4JWezs1/GKaRrbj0WuaPNXPoLYC28W2T4wUJMdk+WRd3bfmknGtrUgamvQMpVzD1+c0SqJuU4ivX/Rgs2f4AU72hH9RgfwWZLw5hfRQ0eS8STBrhoASmBTa75Tg20xjy6nEkVh4Mo2UTF4VQJryir/eJyHlVyQzsWznQq3p93uqnUNHZJ bdg\n\nruncmd:\n - echo \"\u003ch2\u003eThis is  availability zone ru-central1-B\u003ch2\u003e\" \u003e /var/www/html/index2.html\n# - apt-get update \u0026\u0026 apt-get install -y nginx\n# - systemctl enable nginx\n# - systemctl restart nginx\n"
                },
                "metadata_options": [
                  {
                    "aws_v1_http_endpoint": 0,
                    "aws_v1_http_token": 0,
                    "gce_http_endpoint": 0,
                    "gce_http_token": 0
                  }
                ],
                "name": "",
                "network_interface": [
                  {
                    "dns_record": [],
                    "ip_address": "",
                    "ipv4": true,
                    "ipv6": false,
                    "ipv6_address": "",
                    "ipv6_dns_record": [],
                    "nat": false,
                    "nat_dns_record": [],
                    "nat_ip_address": "",
                    "network_id": "enpu509u1ft8udf3urs8",
                    "security_group_ids": [],
                    "subnet_ids": [
                      "e2l99ao5i63fjmoe25jq"
                    ]
                  }
                ],
                "network_settings": [
                  {
                    "type": "STANDARD"
                  }
                ],
                "placement_policy": [],
                "platform_id": "standard-v1",
                "resources": [
                  {
                    "core_fraction": 100,
                    "cores": 2,
                    "gpus": 0,
                    "memory": 2
                  }
                ],
                "scheduling_policy": [
                  {
                    "preemptible": false
                  }
                ],
                "secondary_disk": [],
                "service_account_id": ""
              }
            ],
            "instances": [
              {
                "fqdn": "cl1dtbb8emt48buqqhfp-ykob.ru-central1.internal",
                "instance_id": "epdr99gia9unsq0a567u",
                "instance_tag": "",
                "name": "cl1dtbb8emt48buqqhfp-ykob",
                "network_interface": [
                  {
                    "index": 0,
                    "ip_address": "10.10.2.23",
                    "ipv4": true,
                    "ipv6": false,
                    "ipv6_address": "",
                    "mac_address": "d0:0d:1b:4a:61:25",
                    "nat": false,
                    "nat_ip_address": "",
                    "nat_ip_version": "",
                    "subnet_id": "e2l99ao5i63fjmoe25jq"
                  }
                ],
                "status": "RUNNING_ACTUAL",
                "status_changed_at": "2024-08-06T08:48:29Z",
                "status_message": "",
                "zone_id": "ru-central1-b"
              },
              {
                "fqdn": "cl1dtbb8emt48buqqhfp-oryd.ru-central1.internal",
                "instance_id": "epdg55fe6815hkrper5o",
                "instance_tag": "",
                "name": "cl1dtbb8emt48buqqhfp-oryd",
                "network_interface": [
                  {
                    "index": 0,
                    "ip_address": "10.10.2.26",
                    "ipv4": true,
                    "ipv6": false,
                    "ipv6_address": "",
                    "mac_address": "d0:0d:10:29:5e:e3",
                    "nat": false,
                    "nat_ip_address": "",
                    "nat_ip_version": "",
                    "subnet_id": "e2l99ao5i63fjmoe25jq"
                  }
                ],
                "status": "RUNNING_ACTUAL",
                "status_changed_at": "2024-08-06T08:48:24Z",
                "status_message": "",
                "zone_id": "ru-central1-b"
              }
            ],
            "labels": {},
            "load_balancer": [],
            "max_checking_health_duration": null,
            "name": "group-vms-b",
            "scale_policy": [
              {
                "auto_scale": [],
                "fixed_scale": [
                  {
                    "size": 2
                  }
                ],
                "test_auto_scale": []
              }
            ],
            "service_account_id": "aje54uo13hfuvg645ktf",
            "status": "ACTIVE",
            "timeouts": null,
            "variables": {}
          },
          "sensitive_attributes": [],
          "private": "eyJlMmJmYjczMC1lY2FhLTExZTYtOGY4OC0zNDM2M2JjN2M0YzAiOnsiY3JlYXRlIjoxODAwMDAwMDAwMDAwLCJkZWxldGUiOjE4MDAwMDAwMDAwMDAsInVwZGF0ZSI6MTgwMDAwMDAwMDAwMH19",
          "dependencies": [
            "yandex_vpc_network.tf-vpc",
            "yandex_vpc_subnet.tf-vpc-subnet-b"
          ]
        }
      ]
    },
    {
      "mode": "managed",
      "type": "yandex_dns_recordset",
      "name": "rs1",
      "provider": "provider[\"registry.terraform.io/yandex-cloud/yandex\"]",
      "instances": [
        {
          "schema_version": 0,
          "attributes": {
            "data": [
              "51.250.37.24"
            ],
            "id": "dnsc0j9h0qit2u00j3dr/tf-homework.ru./A",
            "name": "tf-homework.ru.",
            "timeouts": null,
            "ttl": 200,
            "type": "A",
            "zone_id": "dnsc0j9h0qit2u00j3dr"
          },
          "sensitive_attributes": [],
          "private": "eyJlMmJmYjczMC1lY2FhLTExZTYtOGY4OC0zNDM2M2JjN2M0YzAiOnsiY3JlYXRlIjozMDAwMDAwMDAwMDAsImRlbGV0ZSI6MzAwMDAwMDAwMDAwLCJ1cGRhdGUiOjMwMDAwMDAwMDAwMH19",
          "dependencies": [
            "yandex_alb_http_router.alb-router",
            "yandex_alb_load_balancer.alb-1",
            "yandex_dns_zone.alb-zone",
            "yandex_logging_group.alb-logging-group",
            "yandex_vpc_network.tf-vpc",
            "yandex_vpc_security_group.tf-sg-1",
            "yandex_vpc_subnet.tf-vpc-subnet-a",
            "yandex_vpc_subnet.tf-vpc-subnet-b"
          ]
        }
      ]
    },
    {
      "mode": "managed",
      "type": "yandex_dns_recordset",
      "name": "rs2",
      "provider": "provider[\"registry.terraform.io/yandex-cloud/yandex\"]",
      "instances": [
        {
          "schema_version": 0,
          "attributes": {
            "data": [
              "51.250.37.24"
            ],
            "id": "dnsc0j9h0qit2u00j3dr/www/A",
            "name": "www",
            "timeouts": null,
            "ttl": 200,
            "type": "A",
            "zone_id": "dnsc0j9h0qit2u00j3dr"
          },
          "sensitive_attributes": [],
          "private": "eyJlMmJmYjczMC1lY2FhLTExZTYtOGY4OC0zNDM2M2JjN2M0YzAiOnsiY3JlYXRlIjozMDAwMDAwMDAwMDAsImRlbGV0ZSI6MzAwMDAwMDAwMDAwLCJ1cGRhdGUiOjMwMDAwMDAwMDAwMH19",
          "dependencies": [
            "yandex_alb_http_router.alb-router",
            "yandex_alb_load_balancer.alb-1",
            "yandex_dns_zone.alb-zone",
            "yandex_logging_group.alb-logging-group",
            "yandex_vpc_network.tf-vpc",
            "yandex_vpc_security_group.tf-sg-1",
            "yandex_vpc_subnet.tf-vpc-subnet-a",
            "yandex_vpc_subnet.tf-vpc-subnet-b"
          ]
        }
      ]
    },
    {
      "mode": "managed",
      "type": "yandex_dns_zone",
      "name": "alb-zone",
      "provider": "provider[\"registry.terraform.io/yandex-cloud/yandex\"]",
      "instances": [
        {
          "schema_version": 0,
          "attributes": {
            "created_at": "2024-08-06T08:25:36Z",
            "deletion_protection": false,
            "description": "Public zone",
            "folder_id": "b1gfcgssrdpu1otfatkf",
            "id": "dnsc0j9h0qit2u00j3dr",
            "labels": {},
            "name": "alb-zone",
            "private_networks": [],
            "public": true,
            "timeouts": null,
            "zone": "tf-homework.ru."
          },
          "sensitive_attributes": [],
          "private": "eyJlMmJmYjczMC1lY2FhLTExZTYtOGY4OC0zNDM2M2JjN2M0YzAiOnsiY3JlYXRlIjozMDAwMDAwMDAwMDAsImRlbGV0ZSI6MzAwMDAwMDAwMDAwLCJ1cGRhdGUiOjMwMDAwMDAwMDAwMH19"
        }
      ]
    },
    {
      "mode": "managed",
      "type": "yandex_function",
      "name": "alb-logging-function",
      "provider": "provider[\"registry.terraform.io/yandex-cloud/yandex\"]",
      "instances": [
        {
          "schema_version": 1,
          "attributes": {
            "async_invocation": [],
            "concurrency": 1,
            "connectivity": [],
            "content": [
              {
                "zip_filename": "function.zip"
              }
            ],
            "created_at": "2024-08-06T12:07:43Z",
            "description": "Logging function",
            "entrypoint": "function.handler",
            "environment": {
              "DB_HOSTNAME": "rc1a-nrpw5ech8r8gl0xx.mdb.yandexcloud.net",
              "DB_NAME": "db_logging",
              "DB_PASSWORD": "Zz12345678",
              "DB_PORT": "6432",
              "DB_USER": "db_admin",
              "VERBOSE_LOG": "True"
            },
            "execution_timeout": "10",
            "folder_id": "b1gfcgssrdpu1otfatkf",
            "id": "d4e6g0u7gv03qjdoktcu",
            "image_size": 3387392,
            "labels": {},
            "log_options": [
              {
                "disabled": false,
                "folder_id": "b1gfcgssrdpu1otfatkf",
                "log_group_id": "",
                "min_level": "LEVEL_UNSPECIFIED"
              }
            ],
            "memory": 128,
            "name": "alb-logging-function",
            "package": [],
            "runtime": "python312",
            "secrets": [],
            "service_account_id": "ajejp4s49o9bsr015hts",
            "storage_mounts": [],
            "tags": [],
            "timeouts": null,
            "tmpfs_size": 0,
            "user_hash": "first-function",
            "version": "d4eavpaifspovsmofnb3"
          },
          "sensitive_attributes": [
            [
              {
                "type": "get_attr",
                "value": "environment"
              },
              {
                "type": "index",
                "value": {
                  "value": "DB_PASSWORD",
                  "type": "string"
                }
              }
            ]
          ],
          "private": "eyJlMmJmYjczMC1lY2FhLTExZTYtOGY4OC0zNDM2M2JjN2M0YzAiOnsiY3JlYXRlIjo2MDAwMDAwMDAwMDAsImRlbGV0ZSI6NjAwMDAwMDAwMDAwLCJ1cGRhdGUiOjYwMDAwMDAwMDAwMH0sInNjaGVtYV92ZXJzaW9uIjoiMSJ9",
          "dependencies": [
            "yandex_iam_service_account.alb-logging-sa",
            "yandex_mdb_postgresql_cluster.pgsql-alb-logging",
            "yandex_mdb_postgresql_database.db-logging",
            "yandex_mdb_postgresql_user.mdb-alb-logging",
            "yandex_vpc_network.tf-vpc",
            "yandex_vpc_security_group.tf-sg-2",
            "yandex_vpc_subnet.tf-vpc-subnet-a"
          ]
        }
      ]
    },
    {
      "mode": "managed",
      "type": "yandex_function_trigger",
      "name": "alb-logging-trigger",
      "provider": "provider[\"registry.terraform.io/yandex-cloud/yandex\"]",
      "instances": [
        {
          "schema_version": 0,
          "attributes": {
            "container": [],
            "container_registry": [],
            "created_at": "2024-08-06T12:44:50Z",
            "data_streams": [],
            "description": "",
            "dlq": [],
            "folder_id": "b1gfcgssrdpu1otfatkf",
            "function": [
              {
                "id": "d4e6g0u7gv03qjdoktcu",
                "retry_attempts": "",
                "retry_interval": "",
                "service_account_id": "ajejp4s49o9bsr015hts",
                "tag": "$latest"
              }
            ],
            "id": "a1speoc557s41bt2o41i",
            "iot": [],
            "labels": null,
            "log_group": [],
            "logging": [
              {
                "batch_cutoff": "15",
                "batch_size": "10",
                "group_id": "e23g2p5vlq4jlclo8cvf",
                "levels": null,
                "resource_ids": null,
                "resource_types": [
                  "alb.loadBalancer"
                ],
                "stream_names": null
              }
            ],
            "mail": [],
            "message_queue": [],
            "name": "alb-logging-trigger",
            "object_storage": [],
            "timeouts": null,
            "timer": []
          },
          "sensitive_attributes": [],
          "private": "eyJlMmJmYjczMC1lY2FhLTExZTYtOGY4OC0zNDM2M2JjN2M0YzAiOnsiY3JlYXRlIjozMDAwMDAwMDAwMDAsImRlbGV0ZSI6MzAwMDAwMDAwMDAwLCJ1cGRhdGUiOjMwMDAwMDAwMDAwMH19",
          "dependencies": [
            "yandex_function.alb-logging-function",
            "yandex_iam_service_account.alb-logging-sa",
            "yandex_logging_group.alb-logging-group",
            "yandex_mdb_postgresql_cluster.pgsql-alb-logging",
            "yandex_mdb_postgresql_database.db-logging",
            "yandex_mdb_postgresql_user.mdb-alb-logging",
            "yandex_vpc_network.tf-vpc",
            "yandex_vpc_security_group.tf-sg-2",
            "yandex_vpc_subnet.tf-vpc-subnet-a"
          ]
        }
      ]
    },
    {
      "mode": "managed",
      "type": "yandex_iam_service_account",
      "name": "alb-logging-sa",
      "provider": "provider[\"registry.terraform.io/yandex-cloud/yandex\"]",
      "instances": [
        {
          "schema_version": 0,
          "attributes": {
            "created_at": "2024-08-06T09:09:59Z",
            "description": "service account for function",
            "folder_id": "b1gfcgssrdpu1otfatkf",
            "id": "ajejp4s49o9bsr015hts",
            "name": "alb-logging-service-account",
            "timeouts": null
          },
          "sensitive_attributes": [],
          "private": "eyJlMmJmYjczMC1lY2FhLTExZTYtOGY4OC0zNDM2M2JjN2M0YzAiOnsiY3JlYXRlIjo2MDAwMDAwMDAwMCwiZGVsZXRlIjo2MDAwMDAwMDAwMCwidXBkYXRlIjo2MDAwMDAwMDAwMH19"
        }
      ]
    },
    {
      "mode": "managed",
      "type": "yandex_logging_group",
      "name": "alb-logging-group",
      "provider": "provider[\"registry.terraform.io/yandex-cloud/yandex\"]",
      "instances": [
        {
          "schema_version": 0,
          "attributes": {
            "cloud_id": "b1gi4qdhgc7fci8j1pfr",
            "created_at": "2024-08-06T08:25:36Z",
            "data_stream": "",
            "description": "",
            "folder_id": "b1gfcgssrdpu1otfatkf",
            "id": "e23g2p5vlq4jlclo8cvf",
            "labels": {},
            "name": "alb-logging-group",
            "retention_period": "12h0m0s",
            "status": "ACTIVE",
            "timeouts": null
          },
          "sensitive_attributes": [],
          "private": "eyJlMmJmYjczMC1lY2FhLTExZTYtOGY4OC0zNDM2M2JjN2M0YzAiOnsiY3JlYXRlIjozMDAwMDAwMDAwMCwiZGVmYXVsdCI6MzAwMDAwMDAwMDAsImRlbGV0ZSI6MzAwMDAwMDAwMDAsInJlYWQiOjMwMDAwMDAwMDAwLCJ1cGRhdGUiOjMwMDAwMDAwMDAwfX0="
        }
      ]
    },
    {
      "mode": "managed",
      "type": "yandex_mdb_postgresql_cluster",
      "name": "pgsql-alb-logging",
      "provider": "provider[\"registry.terraform.io/yandex-cloud/yandex\"]",
      "instances": [
        {
          "schema_version": 0,
          "attributes": {
            "config": [
              {
                "access": [
                  {
                    "data_lens": false,
                    "data_transfer": false,
                    "serverless": true,
                    "web_sql": true
                  }
                ],
                "autofailover": true,
                "backup_retain_period_days": 7,
                "backup_window_start": [
                  {
                    "hours": 0,
                    "minutes": 0
                  }
                ],
                "disk_size_autoscaling": [
                  {
                    "disk_size_limit": 0,
                    "emergency_usage_threshold": 0,
                    "planned_usage_threshold": 0
                  }
                ],
                "performance_diagnostics": [
                  {
                    "enabled": false,
                    "sessions_sampling_interval": 60,
                    "statements_sampling_interval": 600
                  }
                ],
                "pooler_config": [],
                "postgresql_config": {
                  "password_encryption": "0",
                  "shared_preload_libraries": ""
                },
                "resources": [
                  {
                    "disk_size": 15,
                    "disk_type_id": "network-ssd",
                    "resource_preset_id": "b2.medium"
                  }
                ],
                "version": "12"
              }
            ],
            "created_at": "2024-08-06T08:51:54Z",
            "database": [],
            "deletion_protection": false,
            "description": "",
            "environment": "PRODUCTION",
            "folder_id": "b1gfcgssrdpu1otfatkf",
            "health": "ALIVE",
            "host": [
              {
                "assign_public_ip": true,
                "fqdn": "rc1a-nrpw5ech8r8gl0xx.mdb.yandexcloud.net",
                "name": "",
                "priority": 0,
                "replication_source": "",
                "replication_source_name": "",
                "role": "MASTER",
                "subnet_id": "e9bli3nisi8d7u0ag6qv",
                "zone": "ru-central1-a"
              }
            ],
            "host_group_ids": [],
            "host_master_name": "",
            "id": "c9qc48rfk5e7uve1ptol",
            "labels": {},
            "maintenance_window": [
              {
                "day": "",
                "hour": 0,
                "type": "ANYTIME"
              }
            ],
            "name": "pgsql-alb-logging",
            "network_id": "enpu509u1ft8udf3urs8",
            "restore": [],
            "security_group_ids": [
              "enpjbm0fglfqspf20cls"
            ],
            "status": "RUNNING",
            "timeouts": null,
            "user": []
          },
          "sensitive_attributes": [],
          "private": "eyJlMmJmYjczMC1lY2FhLTExZTYtOGY4OC0zNDM2M2JjN2M0YzAiOnsiY3JlYXRlIjoxODAwMDAwMDAwMDAwLCJkZWxldGUiOjkwMDAwMDAwMDAwMCwidXBkYXRlIjozNjAwMDAwMDAwMDAwfX0=",
          "dependencies": [
            "yandex_vpc_network.tf-vpc",
            "yandex_vpc_security_group.tf-sg-2",
            "yandex_vpc_subnet.tf-vpc-subnet-a"
          ]
        }
      ]
    },
    {
      "mode": "managed",
      "type": "yandex_mdb_postgresql_database",
      "name": "db-logging",
      "provider": "provider[\"registry.terraform.io/yandex-cloud/yandex\"]",
      "instances": [
        {
          "schema_version": 0,
          "attributes": {
            "cluster_id": "c9qc48rfk5e7uve1ptol",
            "deletion_protection": "unspecified",
            "extension": [],
            "id": "c9qc48rfk5e7uve1ptol:db_logging",
            "lc_collate": "C",
            "lc_type": "C",
            "name": "db_logging",
            "owner": "db_admin",
            "template_db": "",
            "timeouts": null
          },
          "sensitive_attributes": [],
          "private": "eyJlMmJmYjczMC1lY2FhLTExZTYtOGY4OC0zNDM2M2JjN2M0YzAiOnsiY3JlYXRlIjo2MDAwMDAwMDAwMDAsImRlbGV0ZSI6NjAwMDAwMDAwMDAwLCJyZWFkIjo2MDAwMDAwMDAwMCwidXBkYXRlIjo2MDAwMDAwMDAwMDB9fQ==",
          "dependencies": [
            "yandex_mdb_postgresql_cluster.pgsql-alb-logging",
            "yandex_mdb_postgresql_user.mdb-alb-logging",
            "yandex_vpc_network.tf-vpc",
            "yandex_vpc_security_group.tf-sg-2",
            "yandex_vpc_subnet.tf-vpc-subnet-a"
          ]
        }
      ]
    },
    {
      "mode": "managed",
      "type": "yandex_mdb_postgresql_user",
      "name": "mdb-alb-logging",
      "provider": "provider[\"registry.terraform.io/yandex-cloud/yandex\"]",
      "instances": [
        {
          "schema_version": 0,
          "attributes": {
            "cluster_id": "c9qc48rfk5e7uve1ptol",
            "conn_limit": 50,
            "deletion_protection": "unspecified",
            "grants": [],
            "id": "c9qc48rfk5e7uve1ptol:db_admin",
            "login": true,
            "name": "db_admin",
            "password": "Zz12345678",
            "permission": [],
            "settings": {},
            "timeouts": null
          },
          "sensitive_attributes": [
            [
              {
                "type": "get_attr",
                "value": "password"
              }
            ]
          ],
          "private": "eyJlMmJmYjczMC1lY2FhLTExZTYtOGY4OC0zNDM2M2JjN2M0YzAiOnsiY3JlYXRlIjo2MDAwMDAwMDAwMDAsImRlbGV0ZSI6NjAwMDAwMDAwMDAwLCJyZWFkIjo2MDAwMDAwMDAwMCwidXBkYXRlIjo2MDAwMDAwMDAwMDB9fQ==",
          "dependencies": [
            "yandex_mdb_postgresql_cluster.pgsql-alb-logging",
            "yandex_vpc_network.tf-vpc",
            "yandex_vpc_security_group.tf-sg-2",
            "yandex_vpc_subnet.tf-vpc-subnet-a"
          ]
        }
      ]
    },
    {
      "mode": "managed",
      "type": "yandex_resourcemanager_folder_iam_member",
      "name": "alb-logging-sa-editor",
      "provider": "provider[\"registry.terraform.io/yandex-cloud/yandex\"]",
      "instances": [
        {
          "schema_version": 0,
          "attributes": {
            "folder_id": "b1gfcgssrdpu1otfatkf",
            "id": "b1gfcgssrdpu1otfatkf/editor/serviceAccount:ajejp4s49o9bsr015hts",
            "member": "serviceAccount:ajejp4s49o9bsr015hts",
            "role": "editor",
            "sleep_after": null,
            "timeouts": null
          },
          "sensitive_attributes": [],
          "private": "eyJlMmJmYjczMC1lY2FhLTExZTYtOGY4OC0zNDM2M2JjN2M0YzAiOnsiY3JlYXRlIjo2MDAwMDAwMDAwMCwiZGVmYXVsdCI6NjAwMDAwMDAwMDAsImRlbGV0ZSI6NjAwMDAwMDAwMDAsInJlYWQiOjYwMDAwMDAwMDAwLCJ1cGRhdGUiOjYwMDAwMDAwMDAwfX0=",
          "dependencies": [
            "yandex_iam_service_account.alb-logging-sa"
          ]
        }
      ]
    },
    {
      "mode": "managed",
      "type": "yandex_resourcemanager_folder_iam_member",
      "name": "alb-logging-sa-invoker",
      "provider": "provider[\"registry.terraform.io/yandex-cloud/yandex\"]",
      "instances": [
        {
          "schema_version": 0,
          "attributes": {
            "folder_id": "b1gfcgssrdpu1otfatkf",
            "id": "b1gfcgssrdpu1otfatkf/functions.functionInvoker/serviceAccount:ajejp4s49o9bsr015hts",
            "member": "serviceAccount:ajejp4s49o9bsr015hts",
            "role": "functions.functionInvoker",
            "sleep_after": null,
            "timeouts": null
          },
          "sensitive_attributes": [],
          "private": "eyJlMmJmYjczMC1lY2FhLTExZTYtOGY4OC0zNDM2M2JjN2M0YzAiOnsiY3JlYXRlIjo2MDAwMDAwMDAwMCwiZGVmYXVsdCI6NjAwMDAwMDAwMDAsImRlbGV0ZSI6NjAwMDAwMDAwMDAsInJlYWQiOjYwMDAwMDAwMDAwLCJ1cGRhdGUiOjYwMDAwMDAwMDAwfX0=",
          "dependencies": [
            "yandex_iam_service_account.alb-logging-sa"
          ]
        }
      ]
    },
    {
      "mode": "managed",
      "type": "yandex_vpc_network",
      "name": "tf-vpc",
      "provider": "provider[\"registry.terraform.io/yandex-cloud/yandex\"]",
      "instances": [
        {
          "schema_version": 0,
          "attributes": {
            "created_at": "2024-08-06T08:25:36Z",
            "default_security_group_id": "enp73mjdp8p2qn5po5u4",
            "description": "network_for_tf",
            "folder_id": "b1gfcgssrdpu1otfatkf",
            "id": "enpu509u1ft8udf3urs8",
            "labels": {},
            "name": "tf-network",
            "subnet_ids": [
              "e2l99ao5i63fjmoe25jq",
              "e9bli3nisi8d7u0ag6qv"
            ],
            "timeouts": null
          },
          "sensitive_attributes": [],
          "private": "eyJlMmJmYjczMC1lY2FhLTExZTYtOGY4OC0zNDM2M2JjN2M0YzAiOnsiY3JlYXRlIjo2MDAwMDAwMDAwMCwiZGVsZXRlIjo2MDAwMDAwMDAwMCwidXBkYXRlIjo2MDAwMDAwMDAwMH19"
        }
      ]
    },
    {
      "mode": "managed",
      "type": "yandex_vpc_security_group",
      "name": "tf-sg-1",
      "provider": "provider[\"registry.terraform.io/yandex-cloud/yandex\"]",
      "instances": [
        {
          "schema_version": 0,
          "attributes": {
            "created_at": "2024-08-06T08:25:39Z",
            "description": "security group for alb",
            "egress": [
              {
                "description": "egress rule description",
                "from_port": -1,
                "id": "enpc10bac11o6t5b32nj",
                "labels": {},
                "port": -1,
                "predefined_target": "",
                "protocol": "ANY",
                "security_group_id": "",
                "to_port": -1,
                "v4_cidr_blocks": [
                  "0.0.0.0/0"
                ],
                "v6_cidr_blocks": []
              }
            ],
            "folder_id": "b1gfcgssrdpu1otfatkf",
            "id": "enpsrq1d575sjdfjc0q3",
            "ingress": [
              {
                "description": "ext-http",
                "from_port": -1,
                "id": "enpnllf2tj9okos07gng",
                "labels": {},
                "port": 80,
                "predefined_target": "",
                "protocol": "TCP",
                "security_group_id": "",
                "to_port": -1,
                "v4_cidr_blocks": [
                  "0.0.0.0/0"
                ],
                "v6_cidr_blocks": []
              },
              {
                "description": "healthchecks",
                "from_port": -1,
                "id": "enpaen1apctnfivh45gf",
                "labels": {},
                "port": 30080,
                "predefined_target": "",
                "protocol": "TCP",
                "security_group_id": "",
                "to_port": -1,
                "v4_cidr_blocks": [
                  "0.0.0.0/0"
                ],
                "v6_cidr_blocks": []
              }
            ],
            "labels": {},
            "name": "tf-sg1",
            "network_id": "enpu509u1ft8udf3urs8",
            "status": "ACTIVE",
            "timeouts": null
          },
          "sensitive_attributes": [],
          "private": "eyJlMmJmYjczMC1lY2FhLTExZTYtOGY4OC0zNDM2M2JjN2M0YzAiOnsiY3JlYXRlIjoxODAwMDAwMDAwMDAsImRlbGV0ZSI6MTgwMDAwMDAwMDAwLCJ1cGRhdGUiOjE4MDAwMDAwMDAwMH19",
          "dependencies": [
            "yandex_vpc_network.tf-vpc"
          ]
        }
      ]
    },
    {
      "mode": "managed",
      "type": "yandex_vpc_security_group",
      "name": "tf-sg-2",
      "provider": "provider[\"registry.terraform.io/yandex-cloud/yandex\"]",
      "instances": [
        {
          "schema_version": 0,
          "attributes": {
            "created_at": "2024-08-06T08:25:38Z",
            "description": "security group for db cluster",
            "egress": [
              {
                "description": "egress rule description",
                "from_port": -1,
                "id": "enp9be493s673kd3fd7t",
                "labels": {},
                "port": -1,
                "predefined_target": "",
                "protocol": "ANY",
                "security_group_id": "",
                "to_port": -1,
                "v4_cidr_blocks": [
                  "0.0.0.0/0"
                ],
                "v6_cidr_blocks": []
              }
            ],
            "folder_id": "b1gfcgssrdpu1otfatkf",
            "id": "enpjbm0fglfqspf20cls",
            "ingress": [
              {
                "description": "ingress rule description",
                "from_port": -1,
                "id": "enp4o29dmhmh2md7e4v5",
                "labels": {},
                "port": 6432,
                "predefined_target": "",
                "protocol": "TCP",
                "security_group_id": "",
                "to_port": -1,
                "v4_cidr_blocks": [
                  "0.0.0.0/0"
                ],
                "v6_cidr_blocks": []
              }
            ],
            "labels": {},
            "name": "tf-sg2",
            "network_id": "enpu509u1ft8udf3urs8",
            "status": "ACTIVE",
            "timeouts": null
          },
          "sensitive_attributes": [],
          "private": "eyJlMmJmYjczMC1lY2FhLTExZTYtOGY4OC0zNDM2M2JjN2M0YzAiOnsiY3JlYXRlIjoxODAwMDAwMDAwMDAsImRlbGV0ZSI6MTgwMDAwMDAwMDAwLCJ1cGRhdGUiOjE4MDAwMDAwMDAwMH19",
          "dependencies": [
            "yandex_vpc_network.tf-vpc"
          ]
        }
      ]
    },
    {
      "mode": "managed",
      "type": "yandex_vpc_subnet",
      "name": "tf-vpc-subnet-a",
      "provider": "provider[\"registry.terraform.io/yandex-cloud/yandex\"]",
      "instances": [
        {
          "schema_version": 0,
          "attributes": {
            "created_at": "2024-08-06T08:25:38Z",
            "description": "",
            "dhcp_options": [],
            "folder_id": "b1gfcgssrdpu1otfatkf",
            "id": "e9bli3nisi8d7u0ag6qv",
            "labels": {},
            "name": "",
            "network_id": "enpu509u1ft8udf3urs8",
            "route_table_id": "",
            "timeouts": null,
            "v4_cidr_blocks": [
              "10.10.1.0/24"
            ],
            "v6_cidr_blocks": [],
            "zone": "ru-central1-a"
          },
          "sensitive_attributes": [],
          "private": "eyJlMmJmYjczMC1lY2FhLTExZTYtOGY4OC0zNDM2M2JjN2M0YzAiOnsiY3JlYXRlIjoxODAwMDAwMDAwMDAsImRlbGV0ZSI6MTgwMDAwMDAwMDAwLCJ1cGRhdGUiOjE4MDAwMDAwMDAwMH19",
          "dependencies": [
            "yandex_vpc_network.tf-vpc"
          ]
        }
      ]
    },
    {
      "mode": "managed",
      "type": "yandex_vpc_subnet",
      "name": "tf-vpc-subnet-b",
      "provider": "provider[\"registry.terraform.io/yandex-cloud/yandex\"]",
      "instances": [
        {
          "schema_version": 0,
          "attributes": {
            "created_at": "2024-08-06T08:25:38Z",
            "description": "",
            "dhcp_options": [],
            "folder_id": "b1gfcgssrdpu1otfatkf",
            "id": "e2l99ao5i63fjmoe25jq",
            "labels": {},
            "name": "",
            "network_id": "enpu509u1ft8udf3urs8",
            "route_table_id": "",
            "timeouts": null,
            "v4_cidr_blocks": [
              "10.10.2.0/24"
            ],
            "v6_cidr_blocks": [],
            "zone": "ru-central1-b"
          },
          "sensitive_attributes": [],
          "private": "eyJlMmJmYjczMC1lY2FhLTExZTYtOGY4OC0zNDM2M2JjN2M0YzAiOnsiY3JlYXRlIjoxODAwMDAwMDAwMDAsImRlbGV0ZSI6MTgwMDAwMDAwMDAwLCJ1cGRhdGUiOjE4MDAwMDAwMDAwMH19",
          "dependencies": [
            "yandex_vpc_network.tf-vpc"
          ]
        }
      ]
    }
  ],
  "check_results": null
}
